
Microsoft Visual Studio Solution File, Format Version 12.00
# Visual Studio Version 17
VisualStudioVersion = 17.4.33122.133
MinimumVisualStudioVersion = 10.0.40219.1
Project("{2150E333-8FDC-42A3-9474-1A3956D46DE8}") = "Src", "Src", "{128A9EB1-0C94-4934-88EC-EF0130AA046F}"
EndProject
Project("{2150E333-8FDC-42A3-9474-1A3956D46DE8}") = "Tests", "Tests", "{98178BD5-789E-4E2E-9F28-01B2F6FB9313}"
EndProject
Project("{2150E333-8FDC-42A3-9474-1A3956D46DE8}") = "DiarioDelGelato.WebAPI", "DiarioDelGelato.WebAPI", "{40536803-4ACC-4D58-BD58-EB8A357BF92C}"
	ProjectSection(SolutionItems) = preProject
		Controllers.txt = Controllers.txt
	EndProjectSection
EndProject
Project("{2150E333-8FDC-42A3-9474-1A3956D46DE8}") = "DiarioDelGelato.UI", "DiarioDelGelato.UI", "{F96213A7-17AB-441A-8D45-6418C5D50A62}"
	ProjectSection(SolutionItems) = preProject
		Blazor.txt = Blazor.txt
	EndProjectSection
EndProject
Project("{2150E333-8FDC-42A3-9474-1A3956D46DE8}") = "DiarioDelGelato.UI.Web", "DiarioDelGelato.UI.Web", "{134561ED-F9A1-442F-98F8-B37E855C7E24}"
	ProjectSection(SolutionItems) = preProject
		HowAboutBlazorServerApp.txt = HowAboutBlazorServerApp.txt
	EndProjectSection
EndProject
Project("{2150E333-8FDC-42A3-9474-1A3956D46DE8}") = "DiarioDelGelato.UI.Desktop", "DiarioDelGelato.UI.Desktop", "{5F65A0CD-9626-445A-AA6E-6464E10E1C19}"
	ProjectSection(SolutionItems) = preProject
		IsThereRazonForDesktop.txt = IsThereRazonForDesktop.txt
	EndProjectSection
EndProject
Project("{9A19103F-16F7-4668-BE54-9A1E7A4F7556}") = "DiarioDelGelato.Application", "Src\DiarioDelGelato.Application\DiarioDelGelato.Application.csproj", "{F0AFB42F-ADF1-480C-AE64-8017682DDE89}"
EndProject
Project("{9A19103F-16F7-4668-BE54-9A1E7A4F7556}") = "DiarioDelGelato.Domain", "Src\DiarioDelGelato.Domain\DiarioDelGelato.Domain.csproj", "{2C73DEB7-9DCC-4EBA-88DD-6B230B4064B3}"
EndProject
Project("{9A19103F-16F7-4668-BE54-9A1E7A4F7556}") = "DiarioDelGelato.Infrastructure.Persistance", "Src\DiarioDelGelato.Infrastructure.Persistance\DiarioDelGelato.Infrastructure.Persistance.csproj", "{C21F032F-1064-466D-BBEA-1776C9ECDD1E}"
EndProject
Project("{9A19103F-16F7-4668-BE54-9A1E7A4F7556}") = "DiarioDelGelato.Infrastructure", "Src\DiarioDelGelato.Infrastructure\DiarioDelGelato.Infrastructure.csproj", "{484128E7-D081-460E-8F3A-39A0A026A1F6}"
EndProject
Project("{9A19103F-16F7-4668-BE54-9A1E7A4F7556}") = "DiarioDelGelato.Application.UnitTests", "Tests\DiarioDelGelato.Application.UnitTests\DiarioDelGelato.Application.UnitTests.csproj", "{602416C6-B2F1-4A14-89FF-C25AF6D7D9FF}"
EndProject
Project("{9A19103F-16F7-4668-BE54-9A1E7A4F7556}") = "DiarioDelGelato.WebAPI", "Src\DiarioDelGelato.WebAPI\DiarioDelGelato.WebAPI.csproj", "{2A2AD197-603E-4BB4-A706-6F8160667BA5}"
EndProject
Global
	GlobalSection(SolutionConfigurationPlatforms) = preSolution
		Debug|Any CPU = Debug|Any CPU
		Release|Any CPU = Release|Any CPU
	EndGlobalSection
	GlobalSection(ProjectConfigurationPlatforms) = postSolution
		{F0AFB42F-ADF1-480C-AE64-8017682DDE89}.Debug|Any CPU.ActiveCfg = Debug|Any CPU
		{F0AFB42F-ADF1-480C-AE64-8017682DDE89}.Debug|Any CPU.Build.0 = Debug|Any CPU
		{F0AFB42F-ADF1-480C-AE64-8017682DDE89}.Release|Any CPU.ActiveCfg = Release|Any CPU
		{F0AFB42F-ADF1-480C-AE64-8017682DDE89}.Release|Any CPU.Build.0 = Release|Any CPU
		{2C73DEB7-9DCC-4EBA-88DD-6B230B4064B3}.Debug|Any CPU.ActiveCfg = Debug|Any CPU
		{2C73DEB7-9DCC-4EBA-88DD-6B230B4064B3}.Debug|Any CPU.Build.0 = Debug|Any CPU
		{2C73DEB7-9DCC-4EBA-88DD-6B230B4064B3}.Release|Any CPU.ActiveCfg = Release|Any CPU
		{2C73DEB7-9DCC-4EBA-88DD-6B230B4064B3}.Release|Any CPU.Build.0 = Release|Any CPU
		{C21F032F-1064-466D-BBEA-1776C9ECDD1E}.Debug|Any CPU.ActiveCfg = Debug|Any CPU
		{C21F032F-1064-466D-BBEA-1776C9ECDD1E}.Debug|Any CPU.Build.0 = Debug|Any CPU
		{C21F032F-1064-466D-BBEA-1776C9ECDD1E}.Release|Any CPU.ActiveCfg = Release|Any CPU
		{C21F032F-1064-466D-BBEA-1776C9ECDD1E}.Release|Any CPU.Build.0 = Release|Any CPU
		{484128E7-D081-460E-8F3A-39A0A026A1F6}.Debug|Any CPU.ActiveCfg = Debug|Any CPU
		{484128E7-D081-460E-8F3A-39A0A026A1F6}.Debug|Any CPU.Build.0 = Debug|Any CPU
		{484128E7-D081-460E-8F3A-39A0A026A1F6}.Release|Any CPU.ActiveCfg = Release|Any CPU
		{484128E7-D081-460E-8F3A-39A0A026A1F6}.Release|Any CPU.Build.0 = Release|Any CPU
		{602416C6-B2F1-4A14-89FF-C25AF6D7D9FF}.Debug|Any CPU.ActiveCfg = Debug|Any CPU
		{602416C6-B2F1-4A14-89FF-C25AF6D7D9FF}.Debug|Any CPU.Build.0 = Debug|Any CPU
		{602416C6-B2F1-4A14-89FF-C25AF6D7D9FF}.Release|Any CPU.ActiveCfg = Release|Any CPU
		{602416C6-B2F1-4A14-89FF-C25AF6D7D9FF}.Release|Any CPU.Build.0 = Release|Any CPU
		{2A2AD197-603E-4BB4-A706-6F8160667BA5}.Debug|Any CPU.ActiveCfg = Debug|Any CPU
		{2A2AD197-603E-4BB4-A706-6F8160667BA5}.Debug|Any CPU.Build.0 = Debug|Any CPU
		{2A2AD197-603E-4BB4-A706-6F8160667BA5}.Release|Any CPU.ActiveCfg = Release|Any CPU
		{2A2AD197-603E-4BB4-A706-6F8160667BA5}.Release|Any CPU.Build.0 = Release|Any CPU
	EndGlobalSection
	GlobalSection(SolutionProperties) = preSolution
		HideSolutionNode = FALSE
	EndGlobalSection
	GlobalSection(NestedProjects) = preSolution
		{40536803-4ACC-4D58-BD58-EB8A357BF92C} = {128A9EB1-0C94-4934-88EC-EF0130AA046F}
		{F96213A7-17AB-441A-8D45-6418C5D50A62} = {128A9EB1-0C94-4934-88EC-EF0130AA046F}
		{134561ED-F9A1-442F-98F8-B37E855C7E24} = {F96213A7-17AB-441A-8D45-6418C5D50A62}
		{5F65A0CD-9626-445A-AA6E-6464E10E1C19} = {F96213A7-17AB-441A-8D45-6418C5D50A62}
		{F0AFB42F-ADF1-480C-AE64-8017682DDE89} = {128A9EB1-0C94-4934-88EC-EF0130AA046F}
		{2C73DEB7-9DCC-4EBA-88DD-6B230B4064B3} = {128A9EB1-0C94-4934-88EC-EF0130AA046F}
		{C21F032F-1064-466D-BBEA-1776C9ECDD1E} = {128A9EB1-0C94-4934-88EC-EF0130AA046F}
		{484128E7-D081-460E-8F3A-39A0A026A1F6} = {128A9EB1-0C94-4934-88EC-EF0130AA046F}
		{602416C6-B2F1-4A14-89FF-C25AF6D7D9FF} = {98178BD5-789E-4E2E-9F28-01B2F6FB9313}
		{2A2AD197-603E-4BB4-A706-6F8160667BA5} = {40536803-4ACC-4D58-BD58-EB8A357BF92C}
	EndGlobalSection
	GlobalSection(ExtensibilityGlobals) = postSolution
		SolutionGuid = {595CAE98-B800-4A83-BD32-CDB44AC3D437}
	EndGlobalSection
EndGlobal
